
Microsoft Visual Studio Solution File, Format Version 12.00
# Visual Studio 2013
VisualStudioVersion = 12.0.31101.0
MinimumVisualStudioVersion = 10.0.40219.1
Project("{FAE04EC0-301F-11D3-BF4B-00C04F79EFBC}") = "RunForeSea", "RunForeSea\RunForeSea.csproj", "{63158BDB-7778-4E01-BE70-954FA022F7A5}"
EndProject
Project("{FAE04EC0-301F-11D3-BF4B-00C04F79EFBC}") = "ManageProgram", "ManagementProgram\ManageProgram.csproj", "{AFE56792-6000-4C95-8F6A-EC8C19116BA1}"
EndProject
Project("{FAE04EC0-301F-11D3-BF4B-00C04F79EFBC}") = "CheckInProgram", "CheckInProgram\CheckInProgram.csproj", "{4D8CE339-68DB-41F1-9A83-77D850BE76D2}"
EndProject
Project("{FAE04EC0-301F-11D3-BF4B-00C04F79EFBC}") = "StudentData", "StudentData\StudentData.csproj", "{AFD56BE9-0412-4CF6-90B5-EC7B1C0D8633}"
EndProject
Project("{00D1A9C2-B5F0-4AF3-8072-F6C62B433612}") = "ForeSea", "ForeSea\ForeSea.sqlproj", "{80BA8E87-EEFF-4D7A-80DC-AA09C82DB596}"
EndProject
Global
	GlobalSection(SolutionConfigurationPlatforms) = preSolution
		Debug|Any CPU = Debug|Any CPU
		Release|Any CPU = Release|Any CPU
	EndGlobalSection
	GlobalSection(ProjectConfigurationPlatforms) = postSolution
		{63158BDB-7778-4E01-BE70-954FA022F7A5}.Debug|Any CPU.ActiveCfg = Debug|Any CPU
		{63158BDB-7778-4E01-BE70-954FA022F7A5}.Debug|Any CPU.Build.0 = Debug|Any CPU
		{63158BDB-7778-4E01-BE70-954FA022F7A5}.Release|Any CPU.ActiveCfg = Release|Any CPU
		{63158BDB-7778-4E01-BE70-954FA022F7A5}.Release|Any CPU.Build.0 = Release|Any CPU
		{AFE56792-6000-4C95-8F6A-EC8C19116BA1}.Debug|Any CPU.ActiveCfg = Debug|Any CPU
		{AFE56792-6000-4C95-8F6A-EC8C19116BA1}.Debug|Any CPU.Build.0 = Debug|Any CPU
		{AFE56792-6000-4C95-8F6A-EC8C19116BA1}.Release|Any CPU.ActiveCfg = Release|Any CPU
		{AFE56792-6000-4C95-8F6A-EC8C19116BA1}.Release|Any CPU.Build.0 = Release|Any CPU
		{4D8CE339-68DB-41F1-9A83-77D850BE76D2}.Debug|Any CPU.ActiveCfg = Debug|Any CPU
		{4D8CE339-68DB-41F1-9A83-77D850BE76D2}.Debug|Any CPU.Build.0 = Debug|Any CPU
		{4D8CE339-68DB-41F1-9A83-77D850BE76D2}.Release|Any CPU.ActiveCfg = Release|Any CPU
		{4D8CE339-68DB-41F1-9A83-77D850BE76D2}.Release|Any CPU.Build.0 = Release|Any CPU
		{AFD56BE9-0412-4CF6-90B5-EC7B1C0D8633}.Debug|Any CPU.ActiveCfg = Debug|Any CPU
		{AFD56BE9-0412-4CF6-90B5-EC7B1C0D8633}.Debug|Any CPU.Build.0 = Debug|Any CPU
		{AFD56BE9-0412-4CF6-90B5-EC7B1C0D8633}.Release|Any CPU.ActiveCfg = Release|Any CPU
		{AFD56BE9-0412-4CF6-90B5-EC7B1C0D8633}.Release|Any CPU.Build.0 = Release|Any CPU
		{80BA8E87-EEFF-4D7A-80DC-AA09C82DB596}.Debug|Any CPU.ActiveCfg = Debug|Any CPU
		{80BA8E87-EEFF-4D7A-80DC-AA09C82DB596}.Debug|Any CPU.Build.0 = Debug|Any CPU
		{80BA8E87-EEFF-4D7A-80DC-AA09C82DB596}.Debug|Any CPU.Deploy.0 = Debug|Any CPU
		{80BA8E87-EEFF-4D7A-80DC-AA09C82DB596}.Release|Any CPU.ActiveCfg = Release|Any CPU
		{80BA8E87-EEFF-4D7A-80DC-AA09C82DB596}.Release|Any CPU.Build.0 = Release|Any CPU
		{80BA8E87-EEFF-4D7A-80DC-AA09C82DB596}.Release|Any CPU.Deploy.0 = Release|Any CPU
	EndGlobalSection
	GlobalSection(SolutionProperties) = preSolution
		HideSolutionNode = FALSE
	EndGlobalSection
EndGlobal
